{
  "version": 4,
  "terraform_version": "1.14.0",
  "serial": 1,
  "lineage": "1706748c-c0ad-1aa0-6750-d4116aeef53e",
  "outputs": {},
  "resources": [
    {
      "mode": "managed",
      "type": "aws_vpc",
      "name": "example",
      "provider": "provider[\"registry.terraform.io/hashicorp/aws\"]",
      "instances": [
        {
          "schema_version": 1,
          "attributes": {
            "arn": "arn:aws:ec2:ap-northeast-2:661235014022:vpc/vpc-08cf0a2ae112044b9",
            "assign_generated_ipv6_cidr_block": false,
            "cidr_block": "10.0.0.0/16",
            "default_network_acl_id": "acl-01c5e1b5a21095a1e",
            "default_route_table_id": "rtb-04846b9d3971c8225",
            "default_security_group_id": "sg-00657aa2982d943b3",
            "dhcp_options_id": "dopt-0e1ba888580690e9b",
            "enable_dns_hostnames": false,
            "enable_dns_support": true,
            "enable_network_address_usage_metrics": false,
            "id": "vpc-08cf0a2ae112044b9",
            "instance_tenancy": "default",
            "ipv4_ipam_pool_id": null,
            "ipv4_netmask_length": null,
            "ipv6_association_id": "",
            "ipv6_cidr_block": "",
            "ipv6_cidr_block_network_border_group": "",
            "ipv6_ipam_pool_id": "",
            "ipv6_netmask_length": 0,
            "main_route_table_id": "rtb-04846b9d3971c8225",
            "owner_id": "661235014022",
            "region": "ap-northeast-2",
            "tags": {
              "Name": "example"
            },
            "tags_all": {
              "Name": "example"
            }
          },
          "sensitive_attributes": [],
          "identity_schema_version": 0,
          "identity": {
            "account_id": "661235014022",
            "id": "vpc-08cf0a2ae112044b9",
            "region": "ap-northeast-2"
          },
          "private": "eyJzY2hlbWFfdmVyc2lvbiI6IjEifQ=="
        }
      ]
    }
  ],
  "check_results": null
}
